
Microsoft Visual Studio Solution File, Format Version 11.00
# Visual Studio 2010
Project("{FAE04EC0-301F-11D3-BF4B-00C04F79EFBC}") = "UnityEngine.UI", "UnityEngine.UI.csproj", "{BCF8618F-60F3-4597-2B12-CCF1E6BDF6CA}"
EndProject
Project("{FAE04EC0-301F-11D3-BF4B-00C04F79EFBC}") = "Unity.2D.PixelPerfect.Tests", "Unity.2D.PixelPerfect.Tests.csproj", "{A76EEA66-6ADB-0BEE-41D3-DAD1DD841131}"
EndProject
Project("{FAE04EC0-301F-11D3-BF4B-00C04F79EFBC}") = "UnityEngine.TestRunner", "UnityEngine.TestRunner.csproj", "{E5608EF7-C9AA-8481-8920-CE45384EFAE6}"
EndProject
Project("{FAE04EC0-301F-11D3-BF4B-00C04F79EFBC}") = "Unity.Mathematics", "Unity.Mathematics.csproj", "{31E8D664-5A51-C173-2D95-FD5A68E0E41C}"
EndProject
Project("{FAE04EC0-301F-11D3-BF4B-00C04F79EFBC}") = "Unity.2D.Animation.Triangle.Runtime", "Unity.2D.Animation.Triangle.Runtime.csproj", "{69493164-8CB1-C088-65D7-338129913C9E}"
EndProject
Project("{FAE04EC0-301F-11D3-BF4B-00C04F79EFBC}") = "UnityEngine.UI.Tests", "UnityEngine.UI.Tests.csproj", "{7291B12E-D9F9-51FC-C97C-7065ED8BD23B}"
EndProject
Project("{FAE04EC0-301F-11D3-BF4B-00C04F79EFBC}") = "Unity.Timeline", "Unity.Timeline.csproj", "{ECBA4F30-39A5-5C86-D149-3617C3C07F11}"
EndProject
Project("{FAE04EC0-301F-11D3-BF4B-00C04F79EFBC}") = "Cinemachine", "Cinemachine.csproj", "{AF2991A3-3FF5-054D-360A-1C8896D0EDF4}"
EndProject
Project("{FAE04EC0-301F-11D3-BF4B-00C04F79EFBC}") = "Unity.TextMeshPro", "Unity.TextMeshPro.csproj", "{300B8250-910B-50F5-30B1-25375B443569}"
EndProject
Project("{FAE04EC0-301F-11D3-BF4B-00C04F79EFBC}") = "Unity.2D.Animation.Runtime", "Unity.2D.Animation.Runtime.csproj", "{8D0132BC-69A7-FE58-CEA9-8B009CFB2AAD}"
EndProject
Project("{FAE04EC0-301F-11D3-BF4B-00C04F79EFBC}") = "Unity.2D.IK.Runtime", "Unity.2D.IK.Runtime.csproj", "{3303FA29-FEB6-2AD6-5A48-AC71ED4FFEC5}"
EndProject
Project("{FAE04EC0-301F-11D3-BF4B-00C04F79EFBC}") = "Unity.2D.SpriteShape.Runtime", "Unity.2D.SpriteShape.Runtime.csproj", "{A976591E-5B2D-3B8F-E2DC-A03DAB0A27BF}"
EndProject
Project("{FAE04EC0-301F-11D3-BF4B-00C04F79EFBC}") = "Assembly-CSharp", "Assembly-CSharp.csproj", "{DC060EB1-BBCE-6D49-D512-C87F8CF7B146}"
EndProject
Project("{FAE04EC0-301F-11D3-BF4B-00C04F79EFBC}") = "Unity.2D.PixelPerfect", "Unity.2D.PixelPerfect.csproj", "{8488927C-BB59-3F32-99CD-646ADC6AD249}"
EndProject
Project("{FAE04EC0-301F-11D3-BF4B-00C04F79EFBC}") = "com.unity.cinemachine.Tests", "com.unity.cinemachine.Tests.csproj", "{239D29E1-E14F-1493-3E83-03562BC4B88F}"
EndProject
Project("{FAE04EC0-301F-11D3-BF4B-00C04F79EFBC}") = "Unity.2D.Common.Runtime", "Unity.2D.Common.Runtime.csproj", "{9133F93E-13D8-A83E-912C-432B27CB3094}"
EndProject
Project("{FAE04EC0-301F-11D3-BF4B-00C04F79EFBC}") = "Unity.TextMeshPro.Tests", "Unity.TextMeshPro.Tests.csproj", "{3AA48C6F-58F3-8512-A903-62E74950969B}"
EndProject
Project("{FAE04EC0-301F-11D3-BF4B-00C04F79EFBC}") = "Unity.InternalAPIEngineBridge.001", "Unity.InternalAPIEngineBridge.001.csproj", "{D7D0C81D-98A4-9840-C1A7-BC2019B3AC80}"
EndProject
Project("{FAE04EC0-301F-11D3-BF4B-00C04F79EFBC}") = "UnityEditor.TestRunner", "UnityEditor.TestRunner.csproj", "{8F24D7FA-9821-7068-C6DB-97BC5DA1FF18}"
EndProject
Project("{FAE04EC0-301F-11D3-BF4B-00C04F79EFBC}") = "Unity.PlasticSCM.Editor", "Unity.PlasticSCM.Editor.csproj", "{E1A16749-3CFE-02E7-7C61-7C8C44FBF283}"
EndProject
Project("{FAE04EC0-301F-11D3-BF4B-00C04F79EFBC}") = "UnityEditor.UI", "UnityEditor.UI.csproj", "{A8362C2D-4CD7-CB08-C2C2-90C165BBB968}"
EndProject
Project("{FAE04EC0-301F-11D3-BF4B-00C04F79EFBC}") = "Unity.Services.Core.Editor", "Unity.Services.Core.Editor.csproj", "{CEDFB70C-0811-9EB5-796A-88C965ECF9C8}"
EndProject
Project("{FAE04EC0-301F-11D3-BF4B-00C04F79EFBC}") = "Unity.Timeline.Editor", "Unity.Timeline.Editor.csproj", "{1EA94619-B925-DDDB-47EE-28782CE1AD4A}"
EndProject
Project("{FAE04EC0-301F-11D3-BF4B-00C04F79EFBC}") = "Unity.VisualStudio.Editor", "Unity.VisualStudio.Editor.csproj", "{62D307C8-88EA-17CB-845A-BF21D25AAFCE}"
EndProject
Project("{FAE04EC0-301F-11D3-BF4B-00C04F79EFBC}") = "com.unity.cinemachine.editor", "com.unity.cinemachine.editor.csproj", "{FE872FFD-2E87-8F12-16EF-1F149917F4C1}"
EndProject
Project("{FAE04EC0-301F-11D3-BF4B-00C04F79EFBC}") = "Unity.2D.Psdimporter.Editor", "Unity.2D.Psdimporter.Editor.csproj", "{40C9C1E8-AB25-B9D6-4A0F-17D70185BD4B}"
EndProject
Project("{FAE04EC0-301F-11D3-BF4B-00C04F79EFBC}") = "Unity.2D.Animation.Editor", "Unity.2D.Animation.Editor.csproj", "{B2376954-9986-516E-418D-875B4C72F7BF}"
EndProject
Project("{FAE04EC0-301F-11D3-BF4B-00C04F79EFBC}") = "Unity.TextMeshPro.Editor", "Unity.TextMeshPro.Editor.csproj", "{7488A4F2-D23F-74E3-5535-BE6D2C457C33}"
EndProject
Project("{FAE04EC0-301F-11D3-BF4B-00C04F79EFBC}") = "Unity.2D.SpriteShape.Editor", "Unity.2D.SpriteShape.Editor.csproj", "{90975E17-C0D7-1460-93C6-76E32870AA40}"
EndProject
Project("{FAE04EC0-301F-11D3-BF4B-00C04F79EFBC}") = "Unity.CollabProxy.Editor", "Unity.CollabProxy.Editor.csproj", "{047122BB-04F6-A405-6581-61BE406573BF}"
EndProject
Project("{FAE04EC0-301F-11D3-BF4B-00C04F79EFBC}") = "PsdPlugin", "PsdPlugin.csproj", "{3B1E3E26-AA99-0B50-DB19-7A379FCA6FE7}"
EndProject
Project("{FAE04EC0-301F-11D3-BF4B-00C04F79EFBC}") = "DocCodeExamples", "DocCodeExamples.csproj", "{6F8F18FD-FC1D-5195-EF7F-2F3BFA76D417}"
EndProject
Project("{FAE04EC0-301F-11D3-BF4B-00C04F79EFBC}") = "Unity.2D.Path.Editor", "Unity.2D.Path.Editor.csproj", "{2CC6A3CC-BF82-97D4-B914-7819BDD71A92}"
EndProject
Project("{FAE04EC0-301F-11D3-BF4B-00C04F79EFBC}") = "Unity.Mathematics.Tests", "Unity.Mathematics.Tests.csproj", "{26ED4458-4002-C671-B97F-0E361E22B0FF}"
EndProject
Project("{FAE04EC0-301F-11D3-BF4B-00C04F79EFBC}") = "Unity.PlasticSCM.EditorTests", "Unity.PlasticSCM.EditorTests.csproj", "{58543AF1-9B44-73AC-E464-E540FE418A3B}"
EndProject
Project("{FAE04EC0-301F-11D3-BF4B-00C04F79EFBC}") = "Unity.Rider.Editor", "Unity.Rider.Editor.csproj", "{6452550E-B52A-F216-04B1-900C99383B92}"
EndProject
Project("{FAE04EC0-301F-11D3-BF4B-00C04F79EFBC}") = "UnityEditor.UI.EditorTests", "UnityEditor.UI.EditorTests.csproj", "{4ED98D3F-6D5C-E055-D785-E45E37E6D514}"
EndProject
Project("{FAE04EC0-301F-11D3-BF4B-00C04F79EFBC}") = "Unity.CollabProxy.EditorTests", "Unity.CollabProxy.EditorTests.csproj", "{F11D08F2-19BB-F1FB-C55E-1EAF0CE458E9}"
EndProject
Project("{FAE04EC0-301F-11D3-BF4B-00C04F79EFBC}") = "Unity.2D.IK.Editor", "Unity.2D.IK.Editor.csproj", "{6E3A79CD-8733-24F7-1A4C-28F6D3B01975}"
EndProject
Project("{FAE04EC0-301F-11D3-BF4B-00C04F79EFBC}") = "Unity.2D.SpriteShape.EditorTests", "Unity.2D.SpriteShape.EditorTests.csproj", "{2960BF78-649C-A606-9351-15BC798462C9}"
EndProject
Project("{FAE04EC0-301F-11D3-BF4B-00C04F79EFBC}") = "Unity.2D.Sprite.Editor", "Unity.2D.Sprite.Editor.csproj", "{EB578BDC-3028-C60C-EB1E-37D44A6E1E13}"
EndProject
Project("{FAE04EC0-301F-11D3-BF4B-00C04F79EFBC}") = "Unity.2D.Tilemap.Editor", "Unity.2D.Tilemap.Editor.csproj", "{77BB24FE-06D2-0758-8399-CECC6C56AF2F}"
EndProject
Project("{FAE04EC0-301F-11D3-BF4B-00C04F79EFBC}") = "Unity.2D.PixelPerfect.Editor", "Unity.2D.PixelPerfect.Editor.csproj", "{05F6F88F-DA1D-DEB2-CE44-355FC3A8E058}"
EndProject
Project("{FAE04EC0-301F-11D3-BF4B-00C04F79EFBC}") = "Unity.VSCode.Editor", "Unity.VSCode.Editor.csproj", "{B31D3A1F-9425-3D6D-0F77-69AD5D8AA95C}"
EndProject
Project("{FAE04EC0-301F-11D3-BF4B-00C04F79EFBC}") = "Unity.2D.Common.Editor", "Unity.2D.Common.Editor.csproj", "{DE3D9FF1-8574-378F-F373-C6C441CAA9B0}"
EndProject
Project("{FAE04EC0-301F-11D3-BF4B-00C04F79EFBC}") = "Unity.Mathematics.Editor", "Unity.Mathematics.Editor.csproj", "{D28BCDFE-CA99-6144-0889-EFF9ED0BA2AA}"
EndProject
Project("{FAE04EC0-301F-11D3-BF4B-00C04F79EFBC}") = "Unity.2D.PixelPerfect.Editor.Tests", "Unity.2D.PixelPerfect.Editor.Tests.csproj", "{26E59BD7-ACDF-3470-583C-27134D913911}"
EndProject
Project("{FAE04EC0-301F-11D3-BF4B-00C04F79EFBC}") = "Unity.2D.Common.EditorTests", "Unity.2D.Common.EditorTests.csproj", "{63471835-9751-1E91-5C0A-AB930046C864}"
EndProject
Project("{FAE04EC0-301F-11D3-BF4B-00C04F79EFBC}") = "Unity.2D.Path.Tests", "Unity.2D.Path.Tests.csproj", "{B427B269-109B-3102-6EBE-0E2A0E4A3CBD}"
EndProject
Project("{FAE04EC0-301F-11D3-BF4B-00C04F79EFBC}") = "Unity.InternalAPIEditorBridge.001", "Unity.InternalAPIEditorBridge.001.csproj", "{AC93BC0E-85C0-7720-C4A0-0D7A2FF6287C}"
EndProject
Project("{FAE04EC0-301F-11D3-BF4B-00C04F79EFBC}") = "com.unity.cinemachine.EditorTests", "com.unity.cinemachine.EditorTests.csproj", "{55322ADF-B894-B962-73A3-3D4411C5E19D}"
EndProject
Project("{FAE04EC0-301F-11D3-BF4B-00C04F79EFBC}") = "Unity.2D.Tilemap.Package.EditorTests", "Unity.2D.Tilemap.Package.EditorTests.csproj", "{768525D1-60E4-F504-20B2-2E5C27F09E49}"
EndProject
Project("{FAE04EC0-301F-11D3-BF4B-00C04F79EFBC}") = "Unity.2D.Psdimporter.EditorTests", "Unity.2D.Psdimporter.EditorTests.csproj", "{2E69570B-7311-F5E2-F15D-4935555C0870}"
EndProject
Project("{FAE04EC0-301F-11D3-BF4B-00C04F79EFBC}") = "Unity.2D.Sprite.Package.EditorTests", "Unity.2D.Sprite.Package.EditorTests.csproj", "{CED5F4F9-036F-5688-7549-E7E2D3B94550}"
EndProject
Project("{FAE04EC0-301F-11D3-BF4B-00C04F79EFBC}") = "Unity.Nuget.NewtonsoftJson.EditorTests", "Unity.Nuget.NewtonsoftJson.EditorTests.csproj", "{F32A260B-94F5-302B-08F9-7DB5BA14EB6A}"
EndProject
Project("{FAE04EC0-301F-11D3-BF4B-00C04F79EFBC}") = "Unity.TextMeshPro.Editor.Tests", "Unity.TextMeshPro.Editor.Tests.csproj", "{54A7E110-2CCF-F809-8D8F-765A44092EF9}"
EndProject
Project("{FAE04EC0-301F-11D3-BF4B-00C04F79EFBC}") = "Unity.2D.Animation.EditorTests", "Unity.2D.Animation.EditorTests.csproj", "{43AF6EF0-F579-FDE3-CF38-C273E0DDEAA5}"
EndProject
Global
	GlobalSection(SolutionConfigurationPlatforms) = preSolution
		Debug|Any CPU = Debug|Any CPU
		Release|Any CPU = Release|Any CPU
	EndGlobalSection
	GlobalSection(ProjectConfigurationPlatforms) = postSolution
		{BCF8618F-60F3-4597-2B12-CCF1E6BDF6CA}.Debug|Any CPU.ActiveCfg = Debug|Any CPU
		{BCF8618F-60F3-4597-2B12-CCF1E6BDF6CA}.Debug|Any CPU.Build.0 = Debug|Any CPU
		{BCF8618F-60F3-4597-2B12-CCF1E6BDF6CA}.Release|Any CPU.ActiveCfg = Release|Any CPU
		{BCF8618F-60F3-4597-2B12-CCF1E6BDF6CA}.Release|Any CPU.Build.0 = Release|Any CPU
		{A76EEA66-6ADB-0BEE-41D3-DAD1DD841131}.Debug|Any CPU.ActiveCfg = Debug|Any CPU
		{A76EEA66-6ADB-0BEE-41D3-DAD1DD841131}.Debug|Any CPU.Build.0 = Debug|Any CPU
		{A76EEA66-6ADB-0BEE-41D3-DAD1DD841131}.Release|Any CPU.ActiveCfg = Release|Any CPU
		{A76EEA66-6ADB-0BEE-41D3-DAD1DD841131}.Release|Any CPU.Build.0 = Release|Any CPU
		{E5608EF7-C9AA-8481-8920-CE45384EFAE6}.Debug|Any CPU.ActiveCfg = Debug|Any CPU
		{E5608EF7-C9AA-8481-8920-CE45384EFAE6}.Debug|Any CPU.Build.0 = Debug|Any CPU
		{E5608EF7-C9AA-8481-8920-CE45384EFAE6}.Release|Any CPU.ActiveCfg = Release|Any CPU
		{E5608EF7-C9AA-8481-8920-CE45384EFAE6}.Release|Any CPU.Build.0 = Release|Any CPU
		{31E8D664-5A51-C173-2D95-FD5A68E0E41C}.Debug|Any CPU.ActiveCfg = Debug|Any CPU
		{31E8D664-5A51-C173-2D95-FD5A68E0E41C}.Debug|Any CPU.Build.0 = Debug|Any CPU
		{31E8D664-5A51-C173-2D95-FD5A68E0E41C}.Release|Any CPU.ActiveCfg = Release|Any CPU
		{31E8D664-5A51-C173-2D95-FD5A68E0E41C}.Release|Any CPU.Build.0 = Release|Any CPU
		{69493164-8CB1-C088-65D7-338129913C9E}.Debug|Any CPU.ActiveCfg = Debug|Any CPU
		{69493164-8CB1-C088-65D7-338129913C9E}.Debug|Any CPU.Build.0 = Debug|Any CPU
		{69493164-8CB1-C088-65D7-338129913C9E}.Release|Any CPU.ActiveCfg = Release|Any CPU
		{69493164-8CB1-C088-65D7-338129913C9E}.Release|Any CPU.Build.0 = Release|Any CPU
		{7291B12E-D9F9-51FC-C97C-7065ED8BD23B}.Debug|Any CPU.ActiveCfg = Debug|Any CPU
		{7291B12E-D9F9-51FC-C97C-7065ED8BD23B}.Debug|Any CPU.Build.0 = Debug|Any CPU
		{7291B12E-D9F9-51FC-C97C-7065ED8BD23B}.Release|Any CPU.ActiveCfg = Release|Any CPU
		{7291B12E-D9F9-51FC-C97C-7065ED8BD23B}.Release|Any CPU.Build.0 = Release|Any CPU
		{ECBA4F30-39A5-5C86-D149-3617C3C07F11}.Debug|Any CPU.ActiveCfg = Debug|Any CPU
		{ECBA4F30-39A5-5C86-D149-3617C3C07F11}.Debug|Any CPU.Build.0 = Debug|Any CPU
		{ECBA4F30-39A5-5C86-D149-3617C3C07F11}.Release|Any CPU.ActiveCfg = Release|Any CPU
		{ECBA4F30-39A5-5C86-D149-3617C3C07F11}.Release|Any CPU.Build.0 = Release|Any CPU
		{AF2991A3-3FF5-054D-360A-1C8896D0EDF4}.Debug|Any CPU.ActiveCfg = Debug|Any CPU
		{AF2991A3-3FF5-054D-360A-1C8896D0EDF4}.Debug|Any CPU.Build.0 = Debug|Any CPU
		{AF2991A3-3FF5-054D-360A-1C8896D0EDF4}.Release|Any CPU.ActiveCfg = Release|Any CPU
		{AF2991A3-3FF5-054D-360A-1C8896D0EDF4}.Release|Any CPU.Build.0 = Release|Any CPU
		{300B8250-910B-50F5-30B1-25375B443569}.Debug|Any CPU.ActiveCfg = Debug|Any CPU
		{300B8250-910B-50F5-30B1-25375B443569}.Debug|Any CPU.Build.0 = Debug|Any CPU
		{300B8250-910B-50F5-30B1-25375B443569}.Release|Any CPU.ActiveCfg = Release|Any CPU
		{300B8250-910B-50F5-30B1-25375B443569}.Release|Any CPU.Build.0 = Release|Any CPU
		{8D0132BC-69A7-FE58-CEA9-8B009CFB2AAD}.Debug|Any CPU.ActiveCfg = Debug|Any CPU
		{8D0132BC-69A7-FE58-CEA9-8B009CFB2AAD}.Debug|Any CPU.Build.0 = Debug|Any CPU
		{8D0132BC-69A7-FE58-CEA9-8B009CFB2AAD}.Release|Any CPU.ActiveCfg = Release|Any CPU
		{8D0132BC-69A7-FE58-CEA9-8B009CFB2AAD}.Release|Any CPU.Build.0 = Release|Any CPU
		{3303FA29-FEB6-2AD6-5A48-AC71ED4FFEC5}.Debug|Any CPU.ActiveCfg = Debug|Any CPU
		{3303FA29-FEB6-2AD6-5A48-AC71ED4FFEC5}.Debug|Any CPU.Build.0 = Debug|Any CPU
		{3303FA29-FEB6-2AD6-5A48-AC71ED4FFEC5}.Release|Any CPU.ActiveCfg = Release|Any CPU
		{3303FA29-FEB6-2AD6-5A48-AC71ED4FFEC5}.Release|Any CPU.Build.0 = Release|Any CPU
		{A976591E-5B2D-3B8F-E2DC-A03DAB0A27BF}.Debug|Any CPU.ActiveCfg = Debug|Any CPU
		{A976591E-5B2D-3B8F-E2DC-A03DAB0A27BF}.Debug|Any CPU.Build.0 = Debug|Any CPU
		{A976591E-5B2D-3B8F-E2DC-A03DAB0A27BF}.Release|Any CPU.ActiveCfg = Release|Any CPU
		{A976591E-5B2D-3B8F-E2DC-A03DAB0A27BF}.Release|Any CPU.Build.0 = Release|Any CPU
		{DC060EB1-BBCE-6D49-D512-C87F8CF7B146}.Debug|Any CPU.ActiveCfg = Debug|Any CPU
		{DC060EB1-BBCE-6D49-D512-C87F8CF7B146}.Debug|Any CPU.Build.0 = Debug|Any CPU
		{DC060EB1-BBCE-6D49-D512-C87F8CF7B146}.Release|Any CPU.ActiveCfg = Release|Any CPU
		{DC060EB1-BBCE-6D49-D512-C87F8CF7B146}.Release|Any CPU.Build.0 = Release|Any CPU
		{8488927C-BB59-3F32-99CD-646ADC6AD249}.Debug|Any CPU.ActiveCfg = Debug|Any CPU
		{8488927C-BB59-3F32-99CD-646ADC6AD249}.Debug|Any CPU.Build.0 = Debug|Any CPU
		{8488927C-BB59-3F32-99CD-646ADC6AD249}.Release|Any CPU.ActiveCfg = Release|Any CPU
		{8488927C-BB59-3F32-99CD-646ADC6AD249}.Release|Any CPU.Build.0 = Release|Any CPU
		{239D29E1-E14F-1493-3E83-03562BC4B88F}.Debug|Any CPU.ActiveCfg = Debug|Any CPU
		{239D29E1-E14F-1493-3E83-03562BC4B88F}.Debug|Any CPU.Build.0 = Debug|Any CPU
		{239D29E1-E14F-1493-3E83-03562BC4B88F}.Release|Any CPU.ActiveCfg = Release|Any CPU
		{239D29E1-E14F-1493-3E83-03562BC4B88F}.Release|Any CPU.Build.0 = Release|Any CPU
		{9133F93E-13D8-A83E-912C-432B27CB3094}.Debug|Any CPU.ActiveCfg = Debug|Any CPU
		{9133F93E-13D8-A83E-912C-432B27CB3094}.Debug|Any CPU.Build.0 = Debug|Any CPU
		{9133F93E-13D8-A83E-912C-432B27CB3094}.Release|Any CPU.ActiveCfg = Release|Any CPU
		{9133F93E-13D8-A83E-912C-432B27CB3094}.Release|Any CPU.Build.0 = Release|Any CPU
		{3AA48C6F-58F3-8512-A903-62E74950969B}.Debug|Any CPU.ActiveCfg = Debug|Any CPU
		{3AA48C6F-58F3-8512-A903-62E74950969B}.Debug|Any CPU.Build.0 = Debug|Any CPU
		{3AA48C6F-58F3-8512-A903-62E74950969B}.Release|Any CPU.ActiveCfg = Release|Any CPU
		{3AA48C6F-58F3-8512-A903-62E74950969B}.Release|Any CPU.Build.0 = Release|Any CPU
		{D7D0C81D-98A4-9840-C1A7-BC2019B3AC80}.Debug|Any CPU.ActiveCfg = Debug|Any CPU
		{D7D0C81D-98A4-9840-C1A7-BC2019B3AC80}.Debug|Any CPU.Build.0 = Debug|Any CPU
		{D7D0C81D-98A4-9840-C1A7-BC2019B3AC80}.Release|Any CPU.ActiveCfg = Release|Any CPU
		{D7D0C81D-98A4-9840-C1A7-BC2019B3AC80}.Release|Any CPU.Build.0 = Release|Any CPU
		{8F24D7FA-9821-7068-C6DB-97BC5DA1FF18}.Debug|Any CPU.ActiveCfg = Debug|Any CPU
		{8F24D7FA-9821-7068-C6DB-97BC5DA1FF18}.Debug|Any CPU.Build.0 = Debug|Any CPU
		{8F24D7FA-9821-7068-C6DB-97BC5DA1FF18}.Release|Any CPU.ActiveCfg = Release|Any CPU
		{8F24D7FA-9821-7068-C6DB-97BC5DA1FF18}.Release|Any CPU.Build.0 = Release|Any CPU
		{E1A16749-3CFE-02E7-7C61-7C8C44FBF283}.Debug|Any CPU.ActiveCfg = Debug|Any CPU
		{E1A16749-3CFE-02E7-7C61-7C8C44FBF283}.Debug|Any CPU.Build.0 = Debug|Any CPU
		{E1A16749-3CFE-02E7-7C61-7C8C44FBF283}.Release|Any CPU.ActiveCfg = Release|Any CPU
		{E1A16749-3CFE-02E7-7C61-7C8C44FBF283}.Release|Any CPU.Build.0 = Release|Any CPU
		{A8362C2D-4CD7-CB08-C2C2-90C165BBB968}.Debug|Any CPU.ActiveCfg = Debug|Any CPU
		{A8362C2D-4CD7-CB08-C2C2-90C165BBB968}.Debug|Any CPU.Build.0 = Debug|Any CPU
		{A8362C2D-4CD7-CB08-C2C2-90C165BBB968}.Release|Any CPU.ActiveCfg = Release|Any CPU
		{A8362C2D-4CD7-CB08-C2C2-90C165BBB968}.Release|Any CPU.Build.0 = Release|Any CPU
		{CEDFB70C-0811-9EB5-796A-88C965ECF9C8}.Debug|Any CPU.ActiveCfg = Debug|Any CPU
		{CEDFB70C-0811-9EB5-796A-88C965ECF9C8}.Debug|Any CPU.Build.0 = Debug|Any CPU
		{CEDFB70C-0811-9EB5-796A-88C965ECF9C8}.Release|Any CPU.ActiveCfg = Release|Any CPU
		{CEDFB70C-0811-9EB5-796A-88C965ECF9C8}.Release|Any CPU.Build.0 = Release|Any CPU
		{1EA94619-B925-DDDB-47EE-28782CE1AD4A}.Debug|Any CPU.ActiveCfg = Debug|Any CPU
		{1EA94619-B925-DDDB-47EE-28782CE1AD4A}.Debug|Any CPU.Build.0 = Debug|Any CPU
		{1EA94619-B925-DDDB-47EE-28782CE1AD4A}.Release|Any CPU.ActiveCfg = Release|Any CPU
		{1EA94619-B925-DDDB-47EE-28782CE1AD4A}.Release|Any CPU.Build.0 = Release|Any CPU
		{62D307C8-88EA-17CB-845A-BF21D25AAFCE}.Debug|Any CPU.ActiveCfg = Debug|Any CPU
		{62D307C8-88EA-17CB-845A-BF21D25AAFCE}.Debug|Any CPU.Build.0 = Debug|Any CPU
		{62D307C8-88EA-17CB-845A-BF21D25AAFCE}.Release|Any CPU.ActiveCfg = Release|Any CPU
		{62D307C8-88EA-17CB-845A-BF21D25AAFCE}.Release|Any CPU.Build.0 = Release|Any CPU
		{FE872FFD-2E87-8F12-16EF-1F149917F4C1}.Debug|Any CPU.ActiveCfg = Debug|Any CPU
		{FE872FFD-2E87-8F12-16EF-1F149917F4C1}.Debug|Any CPU.Build.0 = Debug|Any CPU
		{FE872FFD-2E87-8F12-16EF-1F149917F4C1}.Release|Any CPU.ActiveCfg = Release|Any CPU
		{FE872FFD-2E87-8F12-16EF-1F149917F4C1}.Release|Any CPU.Build.0 = Release|Any CPU
		{40C9C1E8-AB25-B9D6-4A0F-17D70185BD4B}.Debug|Any CPU.ActiveCfg = Debug|Any CPU
		{40C9C1E8-AB25-B9D6-4A0F-17D70185BD4B}.Debug|Any CPU.Build.0 = Debug|Any CPU
		{40C9C1E8-AB25-B9D6-4A0F-17D70185BD4B}.Release|Any CPU.ActiveCfg = Release|Any CPU
		{40C9C1E8-AB25-B9D6-4A0F-17D70185BD4B}.Release|Any CPU.Build.0 = Release|Any CPU
		{B2376954-9986-516E-418D-875B4C72F7BF}.Debug|Any CPU.ActiveCfg = Debug|Any CPU
		{B2376954-9986-516E-418D-875B4C72F7BF}.Debug|Any CPU.Build.0 = Debug|Any CPU
		{B2376954-9986-516E-418D-875B4C72F7BF}.Release|Any CPU.ActiveCfg = Release|Any CPU
		{B2376954-9986-516E-418D-875B4C72F7BF}.Release|Any CPU.Build.0 = Release|Any CPU
		{7488A4F2-D23F-74E3-5535-BE6D2C457C33}.Debug|Any CPU.ActiveCfg = Debug|Any CPU
		{7488A4F2-D23F-74E3-5535-BE6D2C457C33}.Debug|Any CPU.Build.0 = Debug|Any CPU
		{7488A4F2-D23F-74E3-5535-BE6D2C457C33}.Release|Any CPU.ActiveCfg = Release|Any CPU
		{7488A4F2-D23F-74E3-5535-BE6D2C457C33}.Release|Any CPU.Build.0 = Release|Any CPU
		{90975E17-C0D7-1460-93C6-76E32870AA40}.Debug|Any CPU.ActiveCfg = Debug|Any CPU
		{90975E17-C0D7-1460-93C6-76E32870AA40}.Debug|Any CPU.Build.0 = Debug|Any CPU
		{90975E17-C0D7-1460-93C6-76E32870AA40}.Release|Any CPU.ActiveCfg = Release|Any CPU
		{90975E17-C0D7-1460-93C6-76E32870AA40}.Release|Any CPU.Build.0 = Release|Any CPU
		{047122BB-04F6-A405-6581-61BE406573BF}.Debug|Any CPU.ActiveCfg = Debug|Any CPU
		{047122BB-04F6-A405-6581-61BE406573BF}.Debug|Any CPU.Build.0 = Debug|Any CPU
		{047122BB-04F6-A405-6581-61BE406573BF}.Release|Any CPU.ActiveCfg = Release|Any CPU
		{047122BB-04F6-A405-6581-61BE406573BF}.Release|Any CPU.Build.0 = Release|Any CPU
		{3B1E3E26-AA99-0B50-DB19-7A379FCA6FE7}.Debug|Any CPU.ActiveCfg = Debug|Any CPU
		{3B1E3E26-AA99-0B50-DB19-7A379FCA6FE7}.Debug|Any CPU.Build.0 = Debug|Any CPU
		{3B1E3E26-AA99-0B50-DB19-7A379FCA6FE7}.Release|Any CPU.ActiveCfg = Release|Any CPU
		{3B1E3E26-AA99-0B50-DB19-7A379FCA6FE7}.Release|Any CPU.Build.0 = Release|Any CPU
		{6F8F18FD-FC1D-5195-EF7F-2F3BFA76D417}.Debug|Any CPU.ActiveCfg = Debug|Any CPU
		{6F8F18FD-FC1D-5195-EF7F-2F3BFA76D417}.Debug|Any CPU.Build.0 = Debug|Any CPU
		{6F8F18FD-FC1D-5195-EF7F-2F3BFA76D417}.Release|Any CPU.ActiveCfg = Release|Any CPU
		{6F8F18FD-FC1D-5195-EF7F-2F3BFA76D417}.Release|Any CPU.Build.0 = Release|Any CPU
		{2CC6A3CC-BF82-97D4-B914-7819BDD71A92}.Debug|Any CPU.ActiveCfg = Debug|Any CPU
		{2CC6A3CC-BF82-97D4-B914-7819BDD71A92}.Debug|Any CPU.Build.0 = Debug|Any CPU
		{2CC6A3CC-BF82-97D4-B914-7819BDD71A92}.Release|Any CPU.ActiveCfg = Release|Any CPU
		{2CC6A3CC-BF82-97D4-B914-7819BDD71A92}.Release|Any CPU.Build.0 = Release|Any CPU
		{26ED4458-4002-C671-B97F-0E361E22B0FF}.Debug|Any CPU.ActiveCfg = Debug|Any CPU
		{26ED4458-4002-C671-B97F-0E361E22B0FF}.Debug|Any CPU.Build.0 = Debug|Any CPU
		{26ED4458-4002-C671-B97F-0E361E22B0FF}.Release|Any CPU.ActiveCfg = Release|Any CPU
		{26ED4458-4002-C671-B97F-0E361E22B0FF}.Release|Any CPU.Build.0 = Release|Any CPU
		{58543AF1-9B44-73AC-E464-E540FE418A3B}.Debug|Any CPU.ActiveCfg = Debug|Any CPU
		{58543AF1-9B44-73AC-E464-E540FE418A3B}.Debug|Any CPU.Build.0 = Debug|Any CPU
		{58543AF1-9B44-73AC-E464-E540FE418A3B}.Release|Any CPU.ActiveCfg = Release|Any CPU
		{58543AF1-9B44-73AC-E464-E540FE418A3B}.Release|Any CPU.Build.0 = Release|Any CPU
		{6452550E-B52A-F216-04B1-900C99383B92}.Debug|Any CPU.ActiveCfg = Debug|Any CPU
		{6452550E-B52A-F216-04B1-900C99383B92}.Debug|Any CPU.Build.0 = Debug|Any CPU
		{6452550E-B52A-F216-04B1-900C99383B92}.Release|Any CPU.ActiveCfg = Release|Any CPU
		{6452550E-B52A-F216-04B1-900C99383B92}.Release|Any CPU.Build.0 = Release|Any CPU
		{4ED98D3F-6D5C-E055-D785-E45E37E6D514}.Debug|Any CPU.ActiveCfg = Debug|Any CPU
		{4ED98D3F-6D5C-E055-D785-E45E37E6D514}.Debug|Any CPU.Build.0 = Debug|Any CPU
		{4ED98D3F-6D5C-E055-D785-E45E37E6D514}.Release|Any CPU.ActiveCfg = Release|Any CPU
		{4ED98D3F-6D5C-E055-D785-E45E37E6D514}.Release|Any CPU.Build.0 = Release|Any CPU
		{F11D08F2-19BB-F1FB-C55E-1EAF0CE458E9}.Debug|Any CPU.ActiveCfg = Debug|Any CPU
		{F11D08F2-19BB-F1FB-C55E-1EAF0CE458E9}.Debug|Any CPU.Build.0 = Debug|Any CPU
		{F11D08F2-19BB-F1FB-C55E-1EAF0CE458E9}.Release|Any CPU.ActiveCfg = Release|Any CPU
		{F11D08F2-19BB-F1FB-C55E-1EAF0CE458E9}.Release|Any CPU.Build.0 = Release|Any CPU
		{6E3A79CD-8733-24F7-1A4C-28F6D3B01975}.Debug|Any CPU.ActiveCfg = Debug|Any CPU
		{6E3A79CD-8733-24F7-1A4C-28F6D3B01975}.Debug|Any CPU.Build.0 = Debug|Any CPU
		{6E3A79CD-8733-24F7-1A4C-28F6D3B01975}.Release|Any CPU.ActiveCfg = Release|Any CPU
		{6E3A79CD-8733-24F7-1A4C-28F6D3B01975}.Release|Any CPU.Build.0 = Release|Any CPU
		{2960BF78-649C-A606-9351-15BC798462C9}.Debug|Any CPU.ActiveCfg = Debug|Any CPU
		{2960BF78-649C-A606-9351-15BC798462C9}.Debug|Any CPU.Build.0 = Debug|Any CPU
		{2960BF78-649C-A606-9351-15BC798462C9}.Release|Any CPU.ActiveCfg = Release|Any CPU
		{2960BF78-649C-A606-9351-15BC798462C9}.Release|Any CPU.Build.0 = Release|Any CPU
		{EB578BDC-3028-C60C-EB1E-37D44A6E1E13}.Debug|Any CPU.ActiveCfg = Debug|Any CPU
		{EB578BDC-3028-C60C-EB1E-37D44A6E1E13}.Debug|Any CPU.Build.0 = Debug|Any CPU
		{EB578BDC-3028-C60C-EB1E-37D44A6E1E13}.Release|Any CPU.ActiveCfg = Release|Any CPU
		{EB578BDC-3028-C60C-EB1E-37D44A6E1E13}.Release|Any CPU.Build.0 = Release|Any CPU
		{77BB24FE-06D2-0758-8399-CECC6C56AF2F}.Debug|Any CPU.ActiveCfg = Debug|Any CPU
		{77BB24FE-06D2-0758-8399-CECC6C56AF2F}.Debug|Any CPU.Build.0 = Debug|Any CPU
		{77BB24FE-06D2-0758-8399-CECC6C56AF2F}.Release|Any CPU.ActiveCfg = Release|Any CPU
		{77BB24FE-06D2-0758-8399-CECC6C56AF2F}.Release|Any CPU.Build.0 = Release|Any CPU
		{05F6F88F-DA1D-DEB2-CE44-355FC3A8E058}.Debug|Any CPU.ActiveCfg = Debug|Any CPU
		{05F6F88F-DA1D-DEB2-CE44-355FC3A8E058}.Debug|Any CPU.Build.0 = Debug|Any CPU
		{05F6F88F-DA1D-DEB2-CE44-355FC3A8E058}.Release|Any CPU.ActiveCfg = Release|Any CPU
		{05F6F88F-DA1D-DEB2-CE44-355FC3A8E058}.Release|Any CPU.Build.0 = Release|Any CPU
		{B31D3A1F-9425-3D6D-0F77-69AD5D8AA95C}.Debug|Any CPU.ActiveCfg = Debug|Any CPU
		{B31D3A1F-9425-3D6D-0F77-69AD5D8AA95C}.Debug|Any CPU.Build.0 = Debug|Any CPU
		{B31D3A1F-9425-3D6D-0F77-69AD5D8AA95C}.Release|Any CPU.ActiveCfg = Release|Any CPU
		{B31D3A1F-9425-3D6D-0F77-69AD5D8AA95C}.Release|Any CPU.Build.0 = Release|Any CPU
		{DE3D9FF1-8574-378F-F373-C6C441CAA9B0}.Debug|Any CPU.ActiveCfg = Debug|Any CPU
		{DE3D9FF1-8574-378F-F373-C6C441CAA9B0}.Debug|Any CPU.Build.0 = Debug|Any CPU
		{DE3D9FF1-8574-378F-F373-C6C441CAA9B0}.Release|Any CPU.ActiveCfg = Release|Any CPU
		{DE3D9FF1-8574-378F-F373-C6C441CAA9B0}.Release|Any CPU.Build.0 = Release|Any CPU
		{D28BCDFE-CA99-6144-0889-EFF9ED0BA2AA}.Debug|Any CPU.ActiveCfg = Debug|Any CPU
		{D28BCDFE-CA99-6144-0889-EFF9ED0BA2AA}.Debug|Any CPU.Build.0 = Debug|Any CPU
		{D28BCDFE-CA99-6144-0889-EFF9ED0BA2AA}.Release|Any CPU.ActiveCfg = Release|Any CPU
		{D28BCDFE-CA99-6144-0889-EFF9ED0BA2AA}.Release|Any CPU.Build.0 = Release|Any CPU
		{26E59BD7-ACDF-3470-583C-27134D913911}.Debug|Any CPU.ActiveCfg = Debug|Any CPU
		{26E59BD7-ACDF-3470-583C-27134D913911}.Debug|Any CPU.Build.0 = Debug|Any CPU
		{26E59BD7-ACDF-3470-583C-27134D913911}.Release|Any CPU.ActiveCfg = Release|Any CPU
		{26E59BD7-ACDF-3470-583C-27134D913911}.Release|Any CPU.Build.0 = Release|Any CPU
		{63471835-9751-1E91-5C0A-AB930046C864}.Debug|Any CPU.ActiveCfg = Debug|Any CPU
		{63471835-9751-1E91-5C0A-AB930046C864}.Debug|Any CPU.Build.0 = Debug|Any CPU
		{63471835-9751-1E91-5C0A-AB930046C864}.Release|Any CPU.ActiveCfg = Release|Any CPU
		{63471835-9751-1E91-5C0A-AB930046C864}.Release|Any CPU.Build.0 = Release|Any CPU
		{B427B269-109B-3102-6EBE-0E2A0E4A3CBD}.Debug|Any CPU.ActiveCfg = Debug|Any CPU
		{B427B269-109B-3102-6EBE-0E2A0E4A3CBD}.Debug|Any CPU.Build.0 = Debug|Any CPU
		{B427B269-109B-3102-6EBE-0E2A0E4A3CBD}.Release|Any CPU.ActiveCfg = Release|Any CPU
		{B427B269-109B-3102-6EBE-0E2A0E4A3CBD}.Release|Any CPU.Build.0 = Release|Any CPU
		{AC93BC0E-85C0-7720-C4A0-0D7A2FF6287C}.Debug|Any CPU.ActiveCfg = Debug|Any CPU
		{AC93BC0E-85C0-7720-C4A0-0D7A2FF6287C}.Debug|Any CPU.Build.0 = Debug|Any CPU
		{AC93BC0E-85C0-7720-C4A0-0D7A2FF6287C}.Release|Any CPU.ActiveCfg = Release|Any CPU
		{AC93BC0E-85C0-7720-C4A0-0D7A2FF6287C}.Release|Any CPU.Build.0 = Release|Any CPU
		{55322ADF-B894-B962-73A3-3D4411C5E19D}.Debug|Any CPU.ActiveCfg = Debug|Any CPU
		{55322ADF-B894-B962-73A3-3D4411C5E19D}.Debug|Any CPU.Build.0 = Debug|Any CPU
		{55322ADF-B894-B962-73A3-3D4411C5E19D}.Release|Any CPU.ActiveCfg = Release|Any CPU
		{55322ADF-B894-B962-73A3-3D4411C5E19D}.Release|Any CPU.Build.0 = Release|Any CPU
		{768525D1-60E4-F504-20B2-2E5C27F09E49}.Debug|Any CPU.ActiveCfg = Debug|Any CPU
		{768525D1-60E4-F504-20B2-2E5C27F09E49}.Debug|Any CPU.Build.0 = Debug|Any CPU
		{768525D1-60E4-F504-20B2-2E5C27F09E49}.Release|Any CPU.ActiveCfg = Release|Any CPU
		{768525D1-60E4-F504-20B2-2E5C27F09E49}.Release|Any CPU.Build.0 = Release|Any CPU
		{2E69570B-7311-F5E2-F15D-4935555C0870}.Debug|Any CPU.ActiveCfg = Debug|Any CPU
		{2E69570B-7311-F5E2-F15D-4935555C0870}.Debug|Any CPU.Build.0 = Debug|Any CPU
		{2E69570B-7311-F5E2-F15D-4935555C0870}.Release|Any CPU.ActiveCfg = Release|Any CPU
		{2E69570B-7311-F5E2-F15D-4935555C0870}.Release|Any CPU.Build.0 = Release|Any CPU
		{CED5F4F9-036F-5688-7549-E7E2D3B94550}.Debug|Any CPU.ActiveCfg = Debug|Any CPU
		{CED5F4F9-036F-5688-7549-E7E2D3B94550}.Debug|Any CPU.Build.0 = Debug|Any CPU
		{CED5F4F9-036F-5688-7549-E7E2D3B94550}.Release|Any CPU.ActiveCfg = Release|Any CPU
		{CED5F4F9-036F-5688-7549-E7E2D3B94550}.Release|Any CPU.Build.0 = Release|Any CPU
		{F32A260B-94F5-302B-08F9-7DB5BA14EB6A}.Debug|Any CPU.ActiveCfg = Debug|Any CPU
		{F32A260B-94F5-302B-08F9-7DB5BA14EB6A}.Debug|Any CPU.Build.0 = Debug|Any CPU
		{F32A260B-94F5-302B-08F9-7DB5BA14EB6A}.Release|Any CPU.ActiveCfg = Release|Any CPU
		{F32A260B-94F5-302B-08F9-7DB5BA14EB6A}.Release|Any CPU.Build.0 = Release|Any CPU
		{54A7E110-2CCF-F809-8D8F-765A44092EF9}.Debug|Any CPU.ActiveCfg = Debug|Any CPU
		{54A7E110-2CCF-F809-8D8F-765A44092EF9}.Debug|Any CPU.Build.0 = Debug|Any CPU
		{54A7E110-2CCF-F809-8D8F-765A44092EF9}.Release|Any CPU.ActiveCfg = Release|Any CPU
		{54A7E110-2CCF-F809-8D8F-765A44092EF9}.Release|Any CPU.Build.0 = Release|Any CPU
		{43AF6EF0-F579-FDE3-CF38-C273E0DDEAA5}.Debug|Any CPU.ActiveCfg = Debug|Any CPU
		{43AF6EF0-F579-FDE3-CF38-C273E0DDEAA5}.Debug|Any CPU.Build.0 = Debug|Any CPU
		{43AF6EF0-F579-FDE3-CF38-C273E0DDEAA5}.Release|Any CPU.ActiveCfg = Release|Any CPU
		{43AF6EF0-F579-FDE3-CF38-C273E0DDEAA5}.Release|Any CPU.Build.0 = Release|Any CPU
	EndGlobalSection
	GlobalSection(SolutionProperties) = preSolution
		HideSolutionNode = FALSE
	EndGlobalSection
EndGlobal
